// !$*UTF8*$!
{
	archiveVersion = 1;
	classes = {
	};
	objectVersion = 50;
	objects = {

/* Begin PBXBuildFile section */
		CF3076152489AF0800398C52 /* WeatherData.swift in Sources */ = {isa = PBXBuildFile; fileRef = CF3076142489AF0800398C52 /* WeatherData.swift */; };
		CF68DFEA248999FC00377C58 /* AppDelegate.swift in Sources */ = {isa = PBXBuildFile; fileRef = CF68DFE9248999FC00377C58 /* AppDelegate.swift */; };
		CF68DFEC248999FC00377C58 /* SceneDelegate.swift in Sources */ = {isa = PBXBuildFile; fileRef = CF68DFEB248999FC00377C58 /* SceneDelegate.swift */; };
		CF68DFF1248999FC00377C58 /* Main.storyboard in Resources */ = {isa = PBXBuildFile; fileRef = CF68DFEF248999FC00377C58 /* Main.storyboard */; };
		CF68DFF324899A0300377C58 /* Assets.xcassets in Resources */ = {isa = PBXBuildFile; fileRef = CF68DFF224899A0300377C58 /* Assets.xcassets */; };
		CF68DFF624899A0300377C58 /* LaunchScreen.storyboard in Resources */ = {isa = PBXBuildFile; fileRef = CF68DFF424899A0300377C58 /* LaunchScreen.storyboard */; };
		CF68DFFE24899A2700377C58 /* API.swift in Sources */ = {isa = PBXBuildFile; fileRef = CF68DFFD24899A2700377C58 /* API.swift */; };
		CF68E00024899B4900377C58 /* HomeVC.swift in Sources */ = {isa = PBXBuildFile; fileRef = CF68DFFF24899B4900377C58 /* HomeVC.swift */; };
		CFDA776F2489CE4A00D1C314 /* Mood.swift in Sources */ = {isa = PBXBuildFile; fileRef = CFDA776E2489CE4A00D1C314 /* Mood.swift */; };
		CFDA77712489CF8F00D1C314 /* PersistenceLayer.swift in Sources */ = {isa = PBXBuildFile; fileRef = CFDA77702489CF8F00D1C314 /* PersistenceLayer.swift */; };
		CFDA77752489E6AD00D1C314 /* PastMoodsVC.swift in Sources */ = {isa = PBXBuildFile; fileRef = CFDA77742489E6AD00D1C314 /* PastMoodsVC.swift */; };
		CFDA77772489EF1C00D1C314 /* MoodCell.swift in Sources */ = {isa = PBXBuildFile; fileRef = CFDA77762489EF1C00D1C314 /* MoodCell.swift */; };
		CFDA7779248A0BC700D1C314 /* Day.swift in Sources */ = {isa = PBXBuildFile; fileRef = CFDA7778248A0BC600D1C314 /* Day.swift */; };
/* End PBXBuildFile section */

/* Begin PBXFileReference section */
		CF3076142489AF0800398C52 /* WeatherData.swift */ = {isa = PBXFileReference; lastKnownFileType = sourcecode.swift; path = WeatherData.swift; sourceTree = "<group>"; };
		CF68DFE6248999FC00377C58 /* weatherMoods.app */ = {isa = PBXFileReference; explicitFileType = wrapper.application; includeInIndex = 0; path = weatherMoods.app; sourceTree = BUILT_PRODUCTS_DIR; };
		CF68DFE9248999FC00377C58 /* AppDelegate.swift */ = {isa = PBXFileReference; lastKnownFileType = sourcecode.swift; path = AppDelegate.swift; sourceTree = "<group>"; };
		CF68DFEB248999FC00377C58 /* SceneDelegate.swift */ = {isa = PBXFileReference; lastKnownFileType = sourcecode.swift; path = SceneDelegate.swift; sourceTree = "<group>"; };
		CF68DFF0248999FC00377C58 /* Base */ = {isa = PBXFileReference; lastKnownFileType = file.storyboard; name = Base; path = Base.lproj/Main.storyboard; sourceTree = "<group>"; };
		CF68DFF224899A0300377C58 /* Assets.xcassets */ = {isa = PBXFileReference; lastKnownFileType = folder.assetcatalog; path = Assets.xcassets; sourceTree = "<group>"; };
		CF68DFF524899A0300377C58 /* Base */ = {isa = PBXFileReference; lastKnownFileType = file.storyboard; name = Base; path = Base.lproj/LaunchScreen.storyboard; sourceTree = "<group>"; };
		CF68DFF724899A0300377C58 /* Info.plist */ = {isa = PBXFileReference; lastKnownFileType = text.plist.xml; path = Info.plist; sourceTree = "<group>"; };
		CF68DFFD24899A2700377C58 /* API.swift */ = {isa = PBXFileReference; lastKnownFileType = sourcecode.swift; path = API.swift; sourceTree = "<group>"; };
		CF68DFFF24899B4900377C58 /* HomeVC.swift */ = {isa = PBXFileReference; lastKnownFileType = sourcecode.swift; path = HomeVC.swift; sourceTree = "<group>"; };
		CFDA776E2489CE4A00D1C314 /* Mood.swift */ = {isa = PBXFileReference; lastKnownFileType = sourcecode.swift; path = Mood.swift; sourceTree = "<group>"; };
		CFDA77702489CF8F00D1C314 /* PersistenceLayer.swift */ = {isa = PBXFileReference; lastKnownFileType = sourcecode.swift; path = PersistenceLayer.swift; sourceTree = "<group>"; };
		CFDA77742489E6AD00D1C314 /* PastMoodsVC.swift */ = {isa = PBXFileReference; lastKnownFileType = sourcecode.swift; path = PastMoodsVC.swift; sourceTree = "<group>"; };
		CFDA77762489EF1C00D1C314 /* MoodCell.swift */ = {isa = PBXFileReference; lastKnownFileType = sourcecode.swift; path = MoodCell.swift; sourceTree = "<group>"; };
		CFDA7778248A0BC600D1C314 /* Day.swift */ = {isa = PBXFileReference; lastKnownFileType = sourcecode.swift; path = Day.swift; sourceTree = "<group>"; };
/* End PBXFileReference section */

/* Begin PBXFrameworksBuildPhase section */
		CF68DFE3248999FC00377C58 /* Frameworks */ = {
			isa = PBXFrameworksBuildPhase;
			buildActionMask = 2147483647;
			files = (
			);
			runOnlyForDeploymentPostprocessing = 0;
		};
/* End PBXFrameworksBuildPhase section */

/* Begin PBXGroup section */
		CF3076162489AF1A00398C52 /* Controllers */ = {
			isa = PBXGroup;
			children = (
				CF68DFFF24899B4900377C58 /* HomeVC.swift */,
				CFDA77742489E6AD00D1C314 /* PastMoodsVC.swift */,
			);
			path = Controllers;
			sourceTree = "<group>";
		};
		CF3076172489AF2800398C52 /* Views */ = {
			isa = PBXGroup;
			children = (
				CFDA77762489EF1C00D1C314 /* MoodCell.swift */,
			);
			path = Views;
			sourceTree = "<group>";
		};
		CF3076182489AF2F00398C52 /* Models */ = {
			isa = PBXGroup;
			children = (
				CF3076142489AF0800398C52 /* WeatherData.swift */,
				CF68DFFD24899A2700377C58 /* API.swift */,
				CFDA776E2489CE4A00D1C314 /* Mood.swift */,
				CFDA77702489CF8F00D1C314 /* PersistenceLayer.swift */,
				CFDA7778248A0BC600D1C314 /* Day.swift */,
			);
			path = Models;
			sourceTree = "<group>";
		};
		CF68DFDD248999FB00377C58 = {
			isa = PBXGroup;
			children = (
				CF68DFE8248999FC00377C58 /* weatherMoods */,
				CF68DFE7248999FC00377C58 /* Products */,
			);
			sourceTree = "<group>";
		};
		CF68DFE7248999FC00377C58 /* Products */ = {
			isa = PBXGroup;
			children = (
				CF68DFE6248999FC00377C58 /* weatherMoods.app */,
			);
			name = Products;
			sourceTree = "<group>";
		};
		CF68DFE8248999FC00377C58 /* weatherMoods */ = {
			isa = PBXGroup;
			children = (
				CF3076182489AF2F00398C52 /* Models */,
				CF3076172489AF2800398C52 /* Views */,
				CF3076162489AF1A00398C52 /* Controllers */,
				CF68DFE9248999FC00377C58 /* AppDelegate.swift */,
				CF68DFEB248999FC00377C58 /* SceneDelegate.swift */,
				CF68DFEF248999FC00377C58 /* Main.storyboard */,
				CF68DFF224899A0300377C58 /* Assets.xcassets */,
				CF68DFF424899A0300377C58 /* LaunchScreen.storyboard */,
				CF68DFF724899A0300377C58 /* Info.plist */,
			);
			path = weatherMoods;
			sourceTree = "<group>";
		};
/* End PBXGroup section */

/* Begin PBXNativeTarget section */
		CF68DFE5248999FC00377C58 /* weatherMoods */ = {
			isa = PBXNativeTarget;
			buildConfigurationList = CF68DFFA24899A0300377C58 /* Build configuration list for PBXNativeTarget "weatherMoods" */;
			buildPhases = (
				CF68DFE2248999FC00377C58 /* Sources */,
				CF68DFE3248999FC00377C58 /* Frameworks */,
				CF68DFE4248999FC00377C58 /* Resources */,
			);
			buildRules = (
			);
			dependencies = (
			);
			name = weatherMoods;
			productName = weatherMoods;
			productReference = CF68DFE6248999FC00377C58 /* weatherMoods.app */;
			productType = "com.apple.product-type.application";
		};
/* End PBXNativeTarget section */

/* Begin PBXProject section */
		CF68DFDE248999FC00377C58 /* Project object */ = {
			isa = PBXProject;
			attributes = {
				LastSwiftUpdateCheck = 1130;
				LastUpgradeCheck = 1130;
				ORGANIZATIONNAME = "Anika Morris";
				TargetAttributes = {
					CF68DFE5248999FC00377C58 = {
						CreatedOnToolsVersion = 11.3.1;
					};
				};
			};
			buildConfigurationList = CF68DFE1248999FC00377C58 /* Build configuration list for PBXProject "weatherMoods" */;
			compatibilityVersion = "Xcode 9.3";
			developmentRegion = en;
			hasScannedForEncodings = 0;
			knownRegions = (
				en,
				Base,
			);
			mainGroup = CF68DFDD248999FB00377C58;
			productRefGroup = CF68DFE7248999FC00377C58 /* Products */;
			projectDirPath = "";
			projectRoot = "";
			targets = (
				CF68DFE5248999FC00377C58 /* weatherMoods */,
			);
		};
/* End PBXProject section */

/* Begin PBXResourcesBuildPhase section */
		CF68DFE4248999FC00377C58 /* Resources */ = {
			isa = PBXResourcesBuildPhase;
			buildActionMask = 2147483647;
			files = (
				CF68DFF624899A0300377C58 /* LaunchScreen.storyboard in Resources */,
				CF68DFF324899A0300377C58 /* Assets.xcassets in Resources */,
				CF68DFF1248999FC00377C58 /* Main.storyboard in Resources */,
			);
			runOnlyForDeploymentPostprocessing = 0;
		};
/* End PBXResourcesBuildPhase section */

/* Begin PBXSourcesBuildPhase section */
		CF68DFE2248999FC00377C58 /* Sources */ = {
			isa = PBXSourcesBuildPhase;
			buildActionMask = 2147483647;
			files = (
				CF68DFEA248999FC00377C58 /* AppDelegate.swift in Sources */,
				CFDA7779248A0BC700D1C314 /* Day.swift in Sources */,
				CF3076152489AF0800398C52 /* WeatherData.swift in Sources */,
				CF68DFFE24899A2700377C58 /* API.swift in Sources */,
				CFDA77712489CF8F00D1C314 /* PersistenceLayer.swift in Sources */,
				CF68E00024899B4900377C58 /* HomeVC.swift in Sources */,
				CFDA77772489EF1C00D1C314 /* MoodCell.swift in Sources */,
				CFDA776F2489CE4A00D1C314 /* Mood.swift in Sources */,
				CF68DFEC248999FC00377C58 /* SceneDelegate.swift in Sources */,
				CFDA77752489E6AD00D1C314 /* PastMoodsVC.swift in Sources */,
			);
			runOnlyForDeploymentPostprocessing = 0;
		};
/* End PBXSourcesBuildPhase section */

/* Begin PBXVariantGroup section */
		CF68DFEF248999FC00377C58 /* Main.storyboard */ = {
			isa = PBXVariantGroup;
			children = (
				CF68DFF0248999FC00377C58 /* Base */,
			);
			name = Main.storyboard;
			sourceTree = "<group>";
		};
		CF68DFF424899A0300377C58 /* LaunchScreen.storyboard */ = {
			isa = PBXVariantGroup;
			children = (
				CF68DFF524899A0300377C58 /* Base */,
			);
			name = LaunchScreen.storyboard;
			sourceTree = "<group>";
		};
/* End PBXVariantGroup section */

/* Begin XCBuildConfiguration section */
		CF68DFF824899A0300377C58 /* Debug */ = {
			isa = XCBuildConfiguration;
			buildSettings = {
				ALWAYS_SEARCH_USER_PATHS = NO;
				CLANG_ANALYZER_NONNULL = YES;
				CLANG_ANALYZER_NUMBER_OBJECT_CONVERSION = YES_AGGRESSIVE;
				CLANG_CXX_LANGUAGE_STANDARD = "gnu++14";
				CLANG_CXX_LIBRARY = "libc++";
				CLANG_ENABLE_MODULES = YES;
				CLANG_ENABLE_OBJC_ARC = YES;
				CLANG_ENABLE_OBJC_WEAK = YES;
				CLANG_WARN_BLOCK_CAPTURE_AUTORELEASING = YES;
				CLANG_WARN_BOOL_CONVERSION = YES;
				CLANG_WARN_COMMA = YES;
				CLANG_WARN_CONSTANT_CONVERSION = YES;
				CLANG_WARN_DEPRECATED_OBJC_IMPLEMENTATIONS = YES;
				CLANG_WARN_DIRECT_OBJC_ISA_USAGE = YES_ERROR;
				CLANG_WARN_DOCUMENTATION_COMMENTS = YES;
				CLANG_WARN_EMPTY_BODY = YES;
				CLANG_WARN_ENUM_CONVERSION = YES;
				CLANG_WARN_INFINITE_RECURSION = YES;
				CLANG_WARN_INT_CONVERSION = YES;
				CLANG_WARN_NON_LITERAL_NULL_CONVERSION = YES;
				CLANG_WARN_OBJC_IMPLICIT_RETAIN_SELF = YES;
				CLANG_WARN_OBJC_LITERAL_CONVERSION = YES;
				CLANG_WARN_OBJC_ROOT_CLASS = YES_ERROR;
				CLANG_WARN_RANGE_LOOP_ANALYSIS = YES;
				CLANG_WARN_STRICT_PROTOTYPES = YES;
				CLANG_WARN_SUSPICIOUS_MOVE = YES;
				CLANG_WARN_UNGUARDED_AVAILABILITY = YES_AGGRESSIVE;
				CLANG_WARN_UNREACHABLE_CODE = YES;
				CLANG_WARN__DUPLICATE_METHOD_MATCH = YES;
				COPY_PHASE_STRIP = NO;
				DEBUG_INFORMATION_FORMAT = dwarf;
				ENABLE_STRICT_OBJC_MSGSEND = YES;
				ENABLE_TESTABILITY = YES;
				GCC_C_LANGUAGE_STANDARD = gnu11;
				GCC_DYNAMIC_NO_PIC = NO;
				GCC_NO_COMMON_BLOCKS = YES;
				GCC_OPTIMIZATION_LEVEL = 0;
				GCC_PREPROCESSOR_DEFINITIONS = (
					"DEBUG=1",
					"$(inherited)",
				);
				GCC_WARN_64_TO_32_BIT_CONVERSION = YES;
				GCC_WARN_ABOUT_RETURN_TYPE = YES_ERROR;
				GCC_WARN_UNDECLARED_SELECTOR = YES;
				GCC_WARN_UNINITIALIZED_AUTOS = YES_AGGRESSIVE;
				GCC_WARN_UNUSED_FUNCTION = YES;
				GCC_WARN_UNUSED_VARIABLE = YES;
				IPHONEOS_DEPLOYMENT_TARGET = 13.2;
				MTL_ENABLE_DEBUG_INFO = INCLUDE_SOURCE;
				MTL_FAST_MATH = YES;
				ONLY_ACTIVE_ARCH = YES;
				SDKROOT = iphoneos;
				SWIFT_ACTIVE_COMPILATION_CONDITIONS = DEBUG;
				SWIFT_OPTIMIZATION_LEVEL = "-Onone";
			};
			name = Debug;
		};
		CF68DFF924899A0300377C58 /* Release */ = {
			isa = XCBuildConfiguration;
			buildSettings = {
				ALWAYS_SEARCH_USER_PATHS = NO;
				CLANG_ANALYZER_NONNULL = YES;
				CLANG_ANALYZER_NUMBER_OBJECT_CONVERSION = YES_AGGRESSIVE;
				CLANG_CXX_LANGUAGE_STANDARD = "gnu++14";
				CLANG_CXX_LIBRARY = "libc++";
				CLANG_ENABLE_MODULES = YES;
				CLANG_ENABLE_OBJC_ARC = YES;
				CLANG_ENABLE_OBJC_WEAK = YES;
				CLANG_WARN_BLOCK_CAPTURE_AUTORELEASING = YES;
				CLANG_WARN_BOOL_CONVERSION = YES;
				CLANG_WARN_COMMA = YES;
				CLANG_WARN_CONSTANT_CONVERSION = YES;
				CLANG_WARN_DEPRECATED_OBJC_IMPLEMENTATIONS = YES;
				CLANG_WARN_DIRECT_OBJC_ISA_USAGE = YES_ERROR;
				CLANG_WARN_DOCUMENTATION_COMMENTS = YES;
				CLANG_WARN_EMPTY_BODY = YES;
				CLANG_WARN_ENUM_CONVERSION = YES;
				CLANG_WARN_INFINITE_RECURSION = YES;
				CLANG_WARN_INT_CONVERSION = YES;
				CLANG_WARN_NON_LITERAL_NULL_CONVERSION = YES;
				CLANG_WARN_OBJC_IMPLICIT_RETAIN_SELF = YES;
				CLANG_WARN_OBJC_LITERAL_CONVERSION = YES;
				CLANG_WARN_OBJC_ROOT_CLASS = YES_ERROR;
				CLANG_WARN_RANGE_LOOP_ANALYSIS = YES;
				CLANG_WARN_STRICT_PROTOTYPES = YES;
				CLANG_WARN_SUSPICIOUS_MOVE = YES;
				CLANG_WARN_UNGUARDED_AVAILABILITY = YES_AGGRESSIVE;
				CLANG_WARN_UNREACHABLE_CODE = YES;
				CLANG_WARN__DUPLICATE_METHOD_MATCH = YES;
				COPY_PHASE_STRIP = NO;
				DEBUG_INFORMATION_FORMAT = "dwarf-with-dsym";
				ENABLE_NS_ASSERTIONS = NO;
				ENABLE_STRICT_OBJC_MSGSEND = YES;
				GCC_C_LANGUAGE_STANDARD = gnu11;
				GCC_NO_COMMON_BLOCKS = YES;
				GCC_WARN_64_TO_32_BIT_CONVERSION = YES;
				GCC_WARN_ABOUT_RETURN_TYPE = YES_ERROR;
				GCC_WARN_UNDECLARED_SELECTOR = YES;
				GCC_WARN_UNINITIALIZED_AUTOS = YES_AGGRESSIVE;
				GCC_WARN_UNUSED_FUNCTION = YES;
				GCC_WARN_UNUSED_VARIABLE = YES;
				IPHONEOS_DEPLOYMENT_TARGET = 13.2;
				MTL_ENABLE_DEBUG_INFO = NO;
				MTL_FAST_MATH = YES;
				SDKROOT = iphoneos;
				SWIFT_COMPILATION_MODE = wholemodule;
				SWIFT_OPTIMIZATION_LEVEL = "-O";
				VALIDATE_PRODUCT = YES;
			};
			name = Release;
		};
		CF68DFFB24899A0300377C58 /* Debug */ = {
			isa = XCBuildConfiguration;
			buildSettings = {
				ASSETCATALOG_COMPILER_APPICON_NAME = AppIcon;
				CODE_SIGN_STYLE = Automatic;
				DEVELOPMENT_TEAM = HXYM5H2DXG;
				INFOPLIST_FILE = weatherMoods/Info.plist;
				LD_RUNPATH_SEARCH_PATHS = (
					"$(inherited)",
					"@executable_path/Frameworks",
				);
				PRODUCT_BUNDLE_IDENTIFIER = com.anikamorris.weatherMoods;
				PRODUCT_NAME = "$(TARGET_NAME)";
				SWIFT_VERSION = 5.0;
				TARGETED_DEVICE_FAMILY = "1,2";
			};
			name = Debug;
		};
		CF68DFFC24899A0300377C58 /* Release */ = {
			isa = XCBuildConfiguration;
			buildSettings = {
				ASSETCATALOG_COMPILER_APPICON_NAME = AppIcon;
				CODE_SIGN_STYLE = Automatic;
				DEVELOPMENT_TEAM = HXYM5H2DXG;
				INFOPLIST_FILE = weatherMoods/Info.plist;
				LD_RUNPATH_SEARCH_PATHS = (
					"$(inherited)",
					"@executable_path/Frameworks",
				);
				PRODUCT_BUNDLE_IDENTIFIER = com.anikamorris.weatherMoods;
				PRODUCT_NAME = "$(TARGET_NAME)";
				SWIFT_VERSION = 5.0;
				TARGETED_DEVICE_FAMILY = "1,2";
			};
			name = Release;
		};
/* End XCBuildConfiguration section */

/* Begin XCConfigurationList section */
		CF68DFE1248999FC00377C58 /* Build configuration list for PBXProject "weatherMoods" */ = {
			isa = XCConfigurationList;
			buildConfigurations = (
				CF68DFF824899A0300377C58 /* Debug */,
				CF68DFF924899A0300377C58 /* Release */,
			);
			defaultConfigurationIsVisible = 0;
			defaultConfigurationName = Release;
		};
		CF68DFFA24899A0300377C58 /* Build configuration list for PBXNativeTarget "weatherMoods" */ = {
			isa = XCConfigurationList;
			buildConfigurations = (
				CF68DFFB24899A0300377C58 /* Debug */,
				CF68DFFC24899A0300377C58 /* Release */,
			);
			defaultConfigurationIsVisible = 0;
			defaultConfigurationName = Release;
		};
/* End XCConfigurationList section */
	};
	rootObject = CF68DFDE248999FC00377C58 /* Project object */;
}
